// !$*UTF8*$!
{
	archiveVersion = 1;
	classes = {
	};
	objectVersion = 56;
	objects = {

/* Begin PBXBuildFile section */
		586BC7C6299297F100647D86 /* AppDelegate.swift in Sources */ = {isa = PBXBuildFile; fileRef = 586BC7C5299297F100647D86 /* AppDelegate.swift */; };
		586BC7C8299297F100647D86 /* SceneDelegate.swift in Sources */ = {isa = PBXBuildFile; fileRef = 586BC7C7299297F100647D86 /* SceneDelegate.swift */; };
		586BC7CA299297F100647D86 /* ViewController.swift in Sources */ = {isa = PBXBuildFile; fileRef = 586BC7C9299297F100647D86 /* ViewController.swift */; };
		586BC7CD299297F100647D86 /* Main.storyboard in Resources */ = {isa = PBXBuildFile; fileRef = 586BC7CB299297F100647D86 /* Main.storyboard */; };
		586BC7CF299297F200647D86 /* Assets.xcassets in Resources */ = {isa = PBXBuildFile; fileRef = 586BC7CE299297F200647D86 /* Assets.xcassets */; };
		586BC7D2299297F200647D86 /* LaunchScreen.storyboard in Resources */ = {isa = PBXBuildFile; fileRef = 586BC7D0299297F200647D86 /* LaunchScreen.storyboard */; };
		586BC7DA29929BD000647D86 /* MyLogger.swift in Sources */ = {isa = PBXBuildFile; fileRef = 586BC7D929929BD000647D86 /* MyLogger.swift */; };
		586BC7DE2993492000647D86 /* LogFileManager.swift in Sources */ = {isa = PBXBuildFile; fileRef = 586BC7DD2993492000647D86 /* LogFileManager.swift */; };
		586BC7E02993B31300647D86 /* MailManager.swift in Sources */ = {isa = PBXBuildFile; fileRef = 586BC7DF2993B31300647D86 /* MailManager.swift */; };
		586BC7E62993DD9000647D86 /* AppConfiguration.swift in Sources */ = {isa = PBXBuildFile; fileRef = 586BC7E52993DD9000647D86 /* AppConfiguration.swift */; };
		586BC7E929948FBD00647D86 /* DeviceInfo.swift in Sources */ = {isa = PBXBuildFile; fileRef = 586BC7E829948FBD00647D86 /* DeviceInfo.swift */; };
/* End PBXBuildFile section */

/* Begin PBXFileReference section */
		586BC7C2299297F100647D86 /* Logger.app */ = {isa = PBXFileReference; explicitFileType = wrapper.application; includeInIndex = 0; path = Logger.app; sourceTree = BUILT_PRODUCTS_DIR; };
		586BC7C5299297F100647D86 /* AppDelegate.swift */ = {isa = PBXFileReference; lastKnownFileType = sourcecode.swift; path = AppDelegate.swift; sourceTree = "<group>"; };
		586BC7C7299297F100647D86 /* SceneDelegate.swift */ = {isa = PBXFileReference; lastKnownFileType = sourcecode.swift; path = SceneDelegate.swift; sourceTree = "<group>"; };
		586BC7C9299297F100647D86 /* ViewController.swift */ = {isa = PBXFileReference; lastKnownFileType = sourcecode.swift; path = ViewController.swift; sourceTree = "<group>"; };
		586BC7CC299297F100647D86 /* Base */ = {isa = PBXFileReference; lastKnownFileType = file.storyboard; name = Base; path = Base.lproj/Main.storyboard; sourceTree = "<group>"; };
		586BC7CE299297F200647D86 /* Assets.xcassets */ = {isa = PBXFileReference; lastKnownFileType = folder.assetcatalog; path = Assets.xcassets; sourceTree = "<group>"; };
		586BC7D1299297F200647D86 /* Base */ = {isa = PBXFileReference; lastKnownFileType = file.storyboard; name = Base; path = Base.lproj/LaunchScreen.storyboard; sourceTree = "<group>"; };
		586BC7D3299297F200647D86 /* Info.plist */ = {isa = PBXFileReference; lastKnownFileType = text.plist.xml; path = Info.plist; sourceTree = "<group>"; };
		586BC7D929929BD000647D86 /* MyLogger.swift */ = {isa = PBXFileReference; lastKnownFileType = sourcecode.swift; path = MyLogger.swift; sourceTree = "<group>"; };
		586BC7DD2993492000647D86 /* LogFileManager.swift */ = {isa = PBXFileReference; lastKnownFileType = sourcecode.swift; path = LogFileManager.swift; sourceTree = "<group>"; };
		586BC7DF2993B31300647D86 /* MailManager.swift */ = {isa = PBXFileReference; lastKnownFileType = sourcecode.swift; path = MailManager.swift; sourceTree = "<group>"; };
		586BC7E12993DB9500647D86 /* Debug.xcconfig */ = {isa = PBXFileReference; lastKnownFileType = text.xcconfig; path = Debug.xcconfig; sourceTree = "<group>"; };
		586BC7E32993DBB600647D86 /* Demo.xcconfig */ = {isa = PBXFileReference; lastKnownFileType = text.xcconfig; path = Demo.xcconfig; sourceTree = "<group>"; };
		586BC7E42993DBE000647D86 /* Release.xcconfig */ = {isa = PBXFileReference; lastKnownFileType = text.xcconfig; path = Release.xcconfig; sourceTree = "<group>"; };
		586BC7E52993DD9000647D86 /* AppConfiguration.swift */ = {isa = PBXFileReference; lastKnownFileType = sourcecode.swift; path = AppConfiguration.swift; sourceTree = "<group>"; };
		586BC7E829948FBD00647D86 /* DeviceInfo.swift */ = {isa = PBXFileReference; lastKnownFileType = sourcecode.swift; path = DeviceInfo.swift; sourceTree = "<group>"; };
/* End PBXFileReference section */

/* Begin PBXFrameworksBuildPhase section */
		586BC7BF299297F100647D86 /* Frameworks */ = {
			isa = PBXFrameworksBuildPhase;
			buildActionMask = 2147483647;
			files = (
			);
			runOnlyForDeploymentPostprocessing = 0;
		};
/* End PBXFrameworksBuildPhase section */

/* Begin PBXGroup section */
		586BC7B9299297F100647D86 = {
			isa = PBXGroup;
			children = (
				586BC7C4299297F100647D86 /* Logger */,
				586BC7C3299297F100647D86 /* Products */,
			);
			sourceTree = "<group>";
		};
		586BC7C3299297F100647D86 /* Products */ = {
			isa = PBXGroup;
			children = (
				586BC7C2299297F100647D86 /* Logger.app */,
			);
			name = Products;
			sourceTree = "<group>";
		};
		586BC7C4299297F100647D86 /* Logger */ = {
			isa = PBXGroup;
			children = (
				586BC7C5299297F100647D86 /* AppDelegate.swift */,
				586BC7C7299297F100647D86 /* SceneDelegate.swift */,
				586BC7C9299297F100647D86 /* ViewController.swift */,
				586BC7E72993E6BD00647D86 /* Log */,
				586BC7E22993DB9B00647D86 /* Settings */,
				586BC7CB299297F100647D86 /* Main.storyboard */,
				586BC7CE299297F200647D86 /* Assets.xcassets */,
				586BC7D0299297F200647D86 /* LaunchScreen.storyboard */,
				586BC7D3299297F200647D86 /* Info.plist */,
			);
			path = Logger;
			sourceTree = "<group>";
		};
		586BC7E22993DB9B00647D86 /* Settings */ = {
			isa = PBXGroup;
			children = (
				586BC7E52993DD9000647D86 /* AppConfiguration.swift */,
				586BC7E829948FBD00647D86 /* DeviceInfo.swift */,
				586BC7E12993DB9500647D86 /* Debug.xcconfig */,
				586BC7E32993DBB600647D86 /* Demo.xcconfig */,
				586BC7E42993DBE000647D86 /* Release.xcconfig */,
			);
			path = Settings;
			sourceTree = "<group>";
		};
		586BC7E72993E6BD00647D86 /* Log */ = {
			isa = PBXGroup;
			children = (
				586BC7DD2993492000647D86 /* LogFileManager.swift */,
				586BC7D929929BD000647D86 /* MyLogger.swift */,
				586BC7DF2993B31300647D86 /* MailManager.swift */,
			);
			path = Log;
			sourceTree = "<group>";
		};
/* End PBXGroup section */

/* Begin PBXNativeTarget section */
		586BC7C1299297F100647D86 /* Logger */ = {
			isa = PBXNativeTarget;
			buildConfigurationList = 586BC7D6299297F200647D86 /* Build configuration list for PBXNativeTarget "Logger" */;
			buildPhases = (
				586BC7BE299297F100647D86 /* Sources */,
				586BC7BF299297F100647D86 /* Frameworks */,
				586BC7C0299297F100647D86 /* Resources */,
			);
			buildRules = (
			);
			dependencies = (
			);
			name = Logger;
			productName = Logger;
			productReference = 586BC7C2299297F100647D86 /* Logger.app */;
			productType = "com.apple.product-type.application";
		};
/* End PBXNativeTarget section */

/* Begin PBXProject section */
		586BC7BA299297F100647D86 /* Project object */ = {
			isa = PBXProject;
			attributes = {
				BuildIndependentTargetsInParallel = 1;
				LastSwiftUpdateCheck = 1420;
				LastUpgradeCheck = 1420;
				TargetAttributes = {
					586BC7C1299297F100647D86 = {
						CreatedOnToolsVersion = 14.2;
					};
				};
			};
			buildConfigurationList = 586BC7BD299297F100647D86 /* Build configuration list for PBXProject "Logger" */;
			compatibilityVersion = "Xcode 14.0";
			developmentRegion = en;
			hasScannedForEncodings = 0;
			knownRegions = (
				en,
				Base,
			);
			mainGroup = 586BC7B9299297F100647D86;
			productRefGroup = 586BC7C3299297F100647D86 /* Products */;
			projectDirPath = "";
			projectRoot = "";
			targets = (
				586BC7C1299297F100647D86 /* Logger */,
			);
		};
/* End PBXProject section */

/* Begin PBXResourcesBuildPhase section */
		586BC7C0299297F100647D86 /* Resources */ = {
			isa = PBXResourcesBuildPhase;
			buildActionMask = 2147483647;
			files = (
				586BC7D2299297F200647D86 /* LaunchScreen.storyboard in Resources */,
				586BC7CF299297F200647D86 /* Assets.xcassets in Resources */,
				586BC7CD299297F100647D86 /* Main.storyboard in Resources */,
			);
			runOnlyForDeploymentPostprocessing = 0;
		};
/* End PBXResourcesBuildPhase section */

/* Begin PBXSourcesBuildPhase section */
		586BC7BE299297F100647D86 /* Sources */ = {
			isa = PBXSourcesBuildPhase;
			buildActionMask = 2147483647;
			files = (
				586BC7DE2993492000647D86 /* LogFileManager.swift in Sources */,
				586BC7CA299297F100647D86 /* ViewController.swift in Sources */,
				586BC7C6299297F100647D86 /* AppDelegate.swift in Sources */,
				586BC7DA29929BD000647D86 /* MyLogger.swift in Sources */,
				586BC7E02993B31300647D86 /* MailManager.swift in Sources */,
				586BC7E62993DD9000647D86 /* AppConfiguration.swift in Sources */,
				586BC7C8299297F100647D86 /* SceneDelegate.swift in Sources */,
				586BC7E929948FBD00647D86 /* DeviceInfo.swift in Sources */,
			);
			runOnlyForDeploymentPostprocessing = 0;
		};
/* End PBXSourcesBuildPhase section */

/* Begin PBXVariantGroup section */
		586BC7CB299297F100647D86 /* Main.storyboard */ = {
			isa = PBXVariantGroup;
			children = (
				586BC7CC299297F100647D86 /* Base */,
			);
			name = Main.storyboard;
			sourceTree = "<group>";
		};
		586BC7D0299297F200647D86 /* LaunchScreen.storyboard */ = {
			isa = PBXVariantGroup;
			children = (
				586BC7D1299297F200647D86 /* Base */,
			);
			name = LaunchScreen.storyboard;
			sourceTree = "<group>";
		};
/* End PBXVariantGroup section */

/* Begin XCBuildConfiguration section */
		586BC7D4299297F200647D86 /* Debug */ = {
			isa = XCBuildConfiguration;
			baseConfigurationReference = 586BC7E12993DB9500647D86 /* Debug.xcconfig */;
			buildSettings = {
				ALWAYS_SEARCH_USER_PATHS = NO;
				CLANG_ANALYZER_NONNULL = YES;
				CLANG_ANALYZER_NUMBER_OBJECT_CONVERSION = YES_AGGRESSIVE;
				CLANG_CXX_LANGUAGE_STANDARD = "gnu++20";
				CLANG_ENABLE_MODULES = YES;
				CLANG_ENABLE_OBJC_ARC = YES;
				CLANG_ENABLE_OBJC_WEAK = YES;
				CLANG_WARN_BLOCK_CAPTURE_AUTORELEASING = YES;
				CLANG_WARN_BOOL_CONVERSION = YES;
				CLANG_WARN_COMMA = YES;
				CLANG_WARN_CONSTANT_CONVERSION = YES;
				CLANG_WARN_DEPRECATED_OBJC_IMPLEMENTATIONS = YES;
				CLANG_WARN_DIRECT_OBJC_ISA_USAGE = YES_ERROR;
				CLANG_WARN_DOCUMENTATION_COMMENTS = YES;
				CLANG_WARN_EMPTY_BODY = YES;
				CLANG_WARN_ENUM_CONVERSION = YES;
				CLANG_WARN_INFINITE_RECURSION = YES;
				CLANG_WARN_INT_CONVERSION = YES;
				CLANG_WARN_NON_LITERAL_NULL_CONVERSION = YES;
				CLANG_WARN_OBJC_IMPLICIT_RETAIN_SELF = YES;
				CLANG_WARN_OBJC_LITERAL_CONVERSION = YES;
				CLANG_WARN_OBJC_ROOT_CLASS = YES_ERROR;
				CLANG_WARN_QUOTED_INCLUDE_IN_FRAMEWORK_HEADER = YES;
				CLANG_WARN_RANGE_LOOP_ANALYSIS = YES;
				CLANG_WARN_STRICT_PROTOTYPES = YES;
				CLANG_WARN_SUSPICIOUS_MOVE = YES;
				CLANG_WARN_UNGUARDED_AVAILABILITY = YES_AGGRESSIVE;
				CLANG_WARN_UNREACHABLE_CODE = YES;
				CLANG_WARN__DUPLICATE_METHOD_MATCH = YES;
				COPY_PHASE_STRIP = NO;
				DEBUG_INFORMATION_FORMAT = dwarf;
				ENABLE_STRICT_OBJC_MSGSEND = YES;
				ENABLE_TESTABILITY = YES;
				GCC_C_LANGUAGE_STANDARD = gnu11;
				GCC_DYNAMIC_NO_PIC = NO;
				GCC_NO_COMMON_BLOCKS = YES;
				GCC_OPTIMIZATION_LEVEL = 0;
				GCC_PREPROCESSOR_DEFINITIONS = (
					"DEBUG=1",
					"$(inherited)",
				);
				GCC_WARN_64_TO_32_BIT_CONVERSION = YES;
				GCC_WARN_ABOUT_RETURN_TYPE = YES_ERROR;
				GCC_WARN_UNDECLARED_SELECTOR = YES;
				GCC_WARN_UNINITIALIZED_AUTOS = YES_AGGRESSIVE;
				GCC_WARN_UNUSED_FUNCTION = YES;
				GCC_WARN_UNUSED_VARIABLE = YES;
				IPHONEOS_DEPLOYMENT_TARGET = 16.0;
				MTL_ENABLE_DEBUG_INFO = INCLUDE_SOURCE;
				MTL_FAST_MATH = YES;
				ONLY_ACTIVE_ARCH = YES;
				SDKROOT = iphoneos;
				SWIFT_ACTIVE_COMPILATION_CONDITIONS = DEBUG;
				SWIFT_OPTIMIZATION_LEVEL = "-Onone";
			};
			name = Debug;
		};
		586BC7D5299297F200647D86 /* Release */ = {
			isa = XCBuildConfiguration;
			baseConfigurationReference = 586BC7E42993DBE000647D86 /* Release.xcconfig */;
			buildSettings = {
				ALWAYS_SEARCH_USER_PATHS = NO;
				CLANG_ANALYZER_NONNULL = YES;
				CLANG_ANALYZER_NUMBER_OBJECT_CONVERSION = YES_AGGRESSIVE;
				CLANG_CXX_LANGUAGE_STANDARD = "gnu++20";
				CLANG_ENABLE_MODULES = YES;
				CLANG_ENABLE_OBJC_ARC = YES;
				CLANG_ENABLE_OBJC_WEAK = YES;
				CLANG_WARN_BLOCK_CAPTURE_AUTORELEASING = YES;
				CLANG_WARN_BOOL_CONVERSION = YES;
				CLANG_WARN_COMMA = YES;
				CLANG_WARN_CONSTANT_CONVERSION = YES;
				CLANG_WARN_DEPRECATED_OBJC_IMPLEMENTATIONS = YES;
				CLANG_WARN_DIRECT_OBJC_ISA_USAGE = YES_ERROR;
				CLANG_WARN_DOCUMENTATION_COMMENTS = YES;
				CLANG_WARN_EMPTY_BODY = YES;
				CLANG_WARN_ENUM_CONVERSION = YES;
				CLANG_WARN_INFINITE_RECURSION = YES;
				CLANG_WARN_INT_CONVERSION = YES;
				CLANG_WARN_NON_LITERAL_NULL_CONVERSION = YES;
				CLANG_WARN_OBJC_IMPLICIT_RETAIN_SELF = YES;
				CLANG_WARN_OBJC_LITERAL_CONVERSION = YES;
				CLANG_WARN_OBJC_ROOT_CLASS = YES_ERROR;
				CLANG_WARN_QUOTED_INCLUDE_IN_FRAMEWORK_HEADER = YES;
				CLANG_WARN_RANGE_LOOP_ANALYSIS = YES;
				CLANG_WARN_STRICT_PROTOTYPES = YES;
				CLANG_WARN_SUSPICIOUS_MOVE = YES;
				CLANG_WARN_UNGUARDED_AVAILABILITY = YES_AGGRESSIVE;
				CLANG_WARN_UNREACHABLE_CODE = YES;
				CLANG_WARN__DUPLICATE_METHOD_MATCH = YES;
				COPY_PHASE_STRIP = NO;
				DEBUG_INFORMATION_FORMAT = "dwarf-with-dsym";
				ENABLE_NS_ASSERTIONS = NO;
				ENABLE_STRICT_OBJC_MSGSEND = YES;
				GCC_C_LANGUAGE_STANDARD = gnu11;
				GCC_NO_COMMON_BLOCKS = YES;
				GCC_WARN_64_TO_32_BIT_CONVERSION = YES;
				GCC_WARN_ABOUT_RETURN_TYPE = YES_ERROR;
				GCC_WARN_UNDECLARED_SELECTOR = YES;
				GCC_WARN_UNINITIALIZED_AUTOS = YES_AGGRESSIVE;
				GCC_WARN_UNUSED_FUNCTION = YES;
				GCC_WARN_UNUSED_VARIABLE = YES;
				IPHONEOS_DEPLOYMENT_TARGET = 16.0;
				MTL_ENABLE_DEBUG_INFO = NO;
				MTL_FAST_MATH = YES;
				SDKROOT = iphoneos;
				SWIFT_ACTIVE_COMPILATION_CONDITIONS = RELEASE;
				SWIFT_COMPILATION_MODE = wholemodule;
				SWIFT_OPTIMIZATION_LEVEL = "-O";
				VALIDATE_PRODUCT = YES;
			};
			name = Release;
		};
		586BC7D7299297F200647D86 /* Debug */ = {
			isa = XCBuildConfiguration;
			buildSettings = {
				ASSETCATALOG_COMPILER_APPICON_NAME = AppIcon;
				ASSETCATALOG_COMPILER_GLOBAL_ACCENT_COLOR_NAME = AccentColor;
				CODE_SIGN_STYLE = Automatic;
				CURRENT_PROJECT_VERSION = 1;
				DEVELOPMENT_TEAM = A6799ZJFEN;
				GENERATE_INFOPLIST_FILE = YES;
				INFOPLIST_FILE = Logger/Info.plist;
				INFOPLIST_KEY_UIApplicationSupportsIndirectInputEvents = YES;
				INFOPLIST_KEY_UILaunchStoryboardName = LaunchScreen;
				INFOPLIST_KEY_UIMainStoryboardFile = Main;
				INFOPLIST_KEY_UISupportedInterfaceOrientations_iPad = "UIInterfaceOrientationPortrait UIInterfaceOrientationPortraitUpsideDown UIInterfaceOrientationLandscapeLeft UIInterfaceOrientationLandscapeRight";
				INFOPLIST_KEY_UISupportedInterfaceOrientations_iPhone = "UIInterfaceOrientationPortrait UIInterfaceOrientationLandscapeLeft UIInterfaceOrientationLandscapeRight";
				LD_RUNPATH_SEARCH_PATHS = (
					"$(inherited)",
					"@executable_path/Frameworks",
				);
				MARKETING_VERSION = 1.0.1;
				PRODUCT_BUNDLE_IDENTIFIER = com.nghiaTran2022.dev.Logger;
				PRODUCT_NAME = "$(TARGET_NAME)";
				SCHEME_NAME = Debug;
				SWIFT_EMIT_LOC_STRINGS = YES;
				SWIFT_VERSION = 5.0;
				TARGETED_DEVICE_FAMILY = "1,2";
			};
			name = Debug;
		};
		586BC7D8299297F200647D86 /* Release */ = {
			isa = XCBuildConfiguration;
			buildSettings = {
				ASSETCATALOG_COMPILER_APPICON_NAME = AppIcon;
				ASSETCATALOG_COMPILER_GLOBAL_ACCENT_COLOR_NAME = AccentColor;
				CODE_SIGN_STYLE = Automatic;
				CURRENT_PROJECT_VERSION = 3;
				DEVELOPMENT_TEAM = A6799ZJFEN;
				GENERATE_INFOPLIST_FILE = YES;
				INFOPLIST_FILE = Logger/Info.plist;
				INFOPLIST_KEY_UIApplicationSupportsIndirectInputEvents = YES;
				INFOPLIST_KEY_UILaunchStoryboardName = LaunchScreen;
				INFOPLIST_KEY_UIMainStoryboardFile = Main;
				INFOPLIST_KEY_UISupportedInterfaceOrientations_iPad = "UIInterfaceOrientationPortrait UIInterfaceOrientationPortraitUpsideDown UIInterfaceOrientationLandscapeLeft UIInterfaceOrientationLandscapeRight";
				INFOPLIST_KEY_UISupportedInterfaceOrientations_iPhone = "UIInterfaceOrientationPortrait UIInterfaceOrientationLandscapeLeft UIInterfaceOrientationLandscapeRight";
				LD_RUNPATH_SEARCH_PATHS = (
					"$(inherited)",
					"@executable_path/Frameworks",
				);
				MARKETING_VERSION = 1.0.3;
				PRODUCT_BUNDLE_IDENTIFIER = com.nghiaTran2022.dev.Logger;
				PRODUCT_NAME = "$(TARGET_NAME)";
				SCHEME_NAME = Release;
				SWIFT_EMIT_LOC_STRINGS = YES;
				SWIFT_VERSION = 5.0;
				TARGETED_DEVICE_FAMILY = "1,2";
			};
			name = Release;
		};
		586BC7DB2992B2CE00647D86 /* Demo */ = {
			isa = XCBuildConfiguration;
			baseConfigurationReference = 586BC7E32993DBB600647D86 /* Demo.xcconfig */;
			buildSettings = {
				ALWAYS_SEARCH_USER_PATHS = NO;
				CLANG_ANALYZER_NONNULL = YES;
				CLANG_ANALYZER_NUMBER_OBJECT_CONVERSION = YES_AGGRESSIVE;
				CLANG_CXX_LANGUAGE_STANDARD = "gnu++20";
				CLANG_ENABLE_MODULES = YES;
				CLANG_ENABLE_OBJC_ARC = YES;
				CLANG_ENABLE_OBJC_WEAK = YES;
				CLANG_WARN_BLOCK_CAPTURE_AUTORELEASING = YES;
				CLANG_WARN_BOOL_CONVERSION = YES;
				CLANG_WARN_COMMA = YES;
				CLANG_WARN_CONSTANT_CONVERSION = YES;
				CLANG_WARN_DEPRECATED_OBJC_IMPLEMENTATIONS = YES;
				CLANG_WARN_DIRECT_OBJC_ISA_USAGE = YES_ERROR;
				CLANG_WARN_DOCUMENTATION_COMMENTS = YES;
				CLANG_WARN_EMPTY_BODY = YES;
				CLANG_WARN_ENUM_CONVERSION = YES;
				CLANG_WARN_INFINITE_RECURSION = YES;
				CLANG_WARN_INT_CONVERSION = YES;
				CLANG_WARN_NON_LITERAL_NULL_CONVERSION = YES;
				CLANG_WARN_OBJC_IMPLICIT_RETAIN_SELF = YES;
				CLANG_WARN_OBJC_LITERAL_CONVERSION = YES;
				CLANG_WARN_OBJC_ROOT_CLASS = YES_ERROR;
				CLANG_WARN_QUOTED_INCLUDE_IN_FRAMEWORK_HEADER = YES;
				CLANG_WARN_RANGE_LOOP_ANALYSIS = YES;
				CLANG_WARN_STRICT_PROTOTYPES = YES;
				CLANG_WARN_SUSPICIOUS_MOVE = YES;
				CLANG_WARN_UNGUARDED_AVAILABILITY = YES_AGGRESSIVE;
				CLANG_WARN_UNREACHABLE_CODE = YES;
				CLANG_WARN__DUPLICATE_METHOD_MATCH = YES;
				COPY_PHASE_STRIP = NO;
				DEBUG_INFORMATION_FORMAT = "dwarf-with-dsym";
				ENABLE_NS_ASSERTIONS = NO;
				ENABLE_STRICT_OBJC_MSGSEND = YES;
				GCC_C_LANGUAGE_STANDARD = gnu11;
				GCC_NO_COMMON_BLOCKS = YES;
				GCC_WARN_64_TO_32_BIT_CONVERSION = YES;
				GCC_WARN_ABOUT_RETURN_TYPE = YES_ERROR;
				GCC_WARN_UNDECLARED_SELECTOR = YES;
				GCC_WARN_UNINITIALIZED_AUTOS = YES_AGGRESSIVE;
				GCC_WARN_UNUSED_FUNCTION = YES;
				GCC_WARN_UNUSED_VARIABLE = YES;
				IPHONEOS_DEPLOYMENT_TARGET = 16.0;
				MTL_ENABLE_DEBUG_INFO = NO;
				MTL_FAST_MATH = YES;
				SDKROOT = iphoneos;
				SWIFT_ACTIVE_COMPILATION_CONDITIONS = DEMO;
				SWIFT_COMPILATION_MODE = wholemodule;
				SWIFT_OPTIMIZATION_LEVEL = "-O";
				VALIDATE_PRODUCT = YES;
			};
			name = Demo;
		};
		586BC7DC2992B2CE00647D86 /* Demo */ = {
			isa = XCBuildConfiguration;
			buildSettings = {
				ASSETCATALOG_COMPILER_APPICON_NAME = AppIcon;
				ASSETCATALOG_COMPILER_GLOBAL_ACCENT_COLOR_NAME = AccentColor;
				CODE_SIGN_STYLE = Automatic;
				CURRENT_PROJECT_VERSION = 2;
				DEVELOPMENT_TEAM = A6799ZJFEN;
				GENERATE_INFOPLIST_FILE = YES;
				INFOPLIST_FILE = Logger/Info.plist;
				INFOPLIST_KEY_UIApplicationSupportsIndirectInputEvents = YES;
				INFOPLIST_KEY_UILaunchStoryboardName = LaunchScreen;
				INFOPLIST_KEY_UIMainStoryboardFile = Main;
				INFOPLIST_KEY_UISupportedInterfaceOrientations_iPad = "UIInterfaceOrientationPortrait UIInterfaceOrientationPortraitUpsideDown UIInterfaceOrientationLandscapeLeft UIInterfaceOrientationLandscapeRight";
				INFOPLIST_KEY_UISupportedInterfaceOrientations_iPhone = "UIInterfaceOrientationPortrait UIInterfaceOrientationLandscapeLeft UIInterfaceOrientationLandscapeRight";
				LD_RUNPATH_SEARCH_PATHS = (
					"$(inherited)",
					"@executable_path/Frameworks",
				);
				MARKETING_VERSION = 1.0.2;
				PRODUCT_BUNDLE_IDENTIFIER = com.nghiaTran2022.dev.Logger;
				PRODUCT_NAME = "$(TARGET_NAME)";
				SCHEME_NAME = Demo;
				SWIFT_EMIT_LOC_STRINGS = YES;
				SWIFT_VERSION = 5.0;
				TARGETED_DEVICE_FAMILY = "1,2";
			};
			name = Demo;
		};
/* End XCBuildConfiguration section */

/* Begin XCConfigurationList section */
		586BC7BD299297F100647D86 /* Build configuration list for PBXProject "Logger" */ = {
			isa = XCConfigurationList;
			buildConfigurations = (
				586BC7D4299297F200647D86 /* Debug */,
				586BC7D5299297F200647D86 /* Release */,
				586BC7DB2992B2CE00647D86 /* Demo */,
			);
			defaultConfigurationIsVisible = 0;
			defaultConfigurationName = Release;
		};
		586BC7D6299297F200647D86 /* Build configuration list for PBXNativeTarget "Logger" */ = {
			isa = XCConfigurationList;
			buildConfigurations = (
				586BC7D7299297F200647D86 /* Debug */,
				586BC7D8299297F200647D86 /* Release */,
				586BC7DC2992B2CE00647D86 /* Demo */,
			);
			defaultConfigurationIsVisible = 0;
			defaultConfigurationName = Release;
		};
/* End XCConfigurationList section */
	};
	rootObject = 586BC7BA299297F100647D86 /* Project object */;
}
